{
    "_readme": [
        "This file locks the dependencies of your project to a known state",
        "Read more about it at https://getcomposer.org/doc/01-basic-usage.md#installing-dependencies",
        "This file is @generated automatically"
    ],
    "content-hash": "4455bf56feb69b8461b8d3907d69557b",
    "packages": [
        {
            "name": "justinrainbow/json-schema",
            "version": "5.2.11",
            "source": {
                "type": "git",
                "url": "https://github.com/justinrainbow/json-schema.git",
                "reference": "2ab6744b7296ded80f8cc4f9509abbff393399aa"
            },
            "dist": {
                "type": "zip",
                "url": "https://api.github.com/repos/justinrainbow/json-schema/zipball/2ab6744b7296ded80f8cc4f9509abbff393399aa",
                "reference": "2ab6744b7296ded80f8cc4f9509abbff393399aa",
                "shasum": ""
            },
            "require": {
                "php": ">=5.3.3"
            },
            "require-dev": {
                "friendsofphp/php-cs-fixer": "~2.2.20||~2.15.1",
                "json-schema/json-schema-test-suite": "1.2.0",
                "phpunit/phpunit": "^4.8.35"
            },
            "bin": [
                "bin/validate-json"
            ],
            "type": "library",
            "extra": {
                "branch-alias": {
                    "dev-master": "5.0.x-dev"
                }
            },
            "autoload": {
                "psr-4": {
                    "JsonSchema\\": "src/JsonSchema/"
                }
            },
            "notification-url": "https://packagist.org/downloads/",
            "license": [
                "MIT"
            ],
            "authors": [
                {
                    "name": "Bruno Prieto Reis",
                    "email": "bruno.p.reis@gmail.com"
                },
                {
                    "name": "Justin Rainbow",
                    "email": "justin.rainbow@gmail.com"
                },
                {
                    "name": "Igor Wiedler",
                    "email": "igor@wiedler.ch"
                },
                {
                    "name": "Robert Schönthal",
                    "email": "seroscho@googlemail.com"
                }
            ],
            "description": "A library to validate a json schema.",
            "homepage": "https://github.com/justinrainbow/json-schema",
            "keywords": [
                "json",
                "schema"
            ],
            "support": {
                "issues": "https://github.com/justinrainbow/json-schema/issues",
                "source": "https://github.com/justinrainbow/json-schema/tree/5.2.11"
            },
            "time": "2021-07-22T09:24:00+00:00"
        },
        {
            "name": "neitanod/forceutf8",
            "version": "v2.0.4",
            "source": {
                "type": "git",
                "url": "https://github.com/neitanod/forceutf8.git",
                "reference": "c1fbe70bfb5ad41b8ec5785056b0e308b40d4831"
            },
            "dist": {
                "type": "zip",
                "url": "https://api.github.com/repos/neitanod/forceutf8/zipball/c1fbe70bfb5ad41b8ec5785056b0e308b40d4831",
                "reference": "c1fbe70bfb5ad41b8ec5785056b0e308b40d4831",
                "shasum": ""
            },
            "require": {
                "php": ">=5.3.0"
            },
            "type": "library",
            "autoload": {
                "psr-0": {
                    "ForceUTF8\\": "src/"
                }
            },
            "notification-url": "https://packagist.org/downloads/",
            "license": [
                "BSD-3-Clause"
            ],
            "authors": [
                {
                    "name": "Sebastián Grignoli",
                    "email": "grignoli@gmail.com"
                }
            ],
            "description": "PHP Class Encoding featuring popular Encoding::toUTF8() function --formerly known as forceUTF8()-- that fixes mixed encoded strings.",
            "homepage": "https://github.com/neitanod/forceutf8",
            "support": {
                "issues": "https://github.com/neitanod/forceutf8/issues",
                "source": "https://github.com/neitanod/forceutf8/tree/master"
            },
            "time": "2019-12-10T14:09:14+00:00"
        },
        {
            "name": "nfephp-org/sped-common",
            "version": "v5.0.57",
            "source": {
                "type": "git",
                "url": "https://github.com/nfephp-org/sped-common.git",
                "reference": "c6a16bd12a409458459353c32ebb9d8b2a177821"
            },
            "dist": {
                "type": "zip",
                "url": "https://api.github.com/repos/nfephp-org/sped-common/zipball/c6a16bd12a409458459353c32ebb9d8b2a177821",
                "reference": "c6a16bd12a409458459353c32ebb9d8b2a177821",
                "shasum": ""
            },
            "require": {
                "ext-curl": "*",
                "ext-dom": "*",
                "ext-mbstring": "*",
                "ext-openssl": "*",
                "ext-soap": "*",
                "neitanod/forceutf8": "^2.0",
                "php": ">=7.0",
                "psr/log": "^1.0"
            },
            "require-dev": {
                "phpunit/phpunit": "^7.5",
                "scrutinizer/ocular": "^1.3",
                "sebastian/phpcpd": "^4.1",
                "squizlabs/php_codesniffer": "^3.4"
            },
            "type": "library",
            "extra": {
                "branch-alias": {
                    "dev-v5.0": "5.0-dev"
                }
            },
            "autoload": {
                "psr-4": {
                    "NFePHP\\Common\\": "src/"
                }
            },
            "notification-url": "https://packagist.org/downloads/",
            "license": [
                "LGPL-3.0-or-later",
                "GPL-3.0-or-later",
                "MIT"
            ],
            "authors": [
                {
                    "name": "Roberto L. Machado",
                    "email": "linux.rlm@gmail.com.br",
                    "homepage": "http://www.nfephp.org",
                    "role": "Developer"
                },
                {
                    "name": "Comunidade NFePHP",
                    "homepage": "https://github.com/nfephp-org/sped-common/graphs/contributors"
                }
            ],
            "description": "sped-common é parte do projeto NFePHP.",
            "homepage": "https://github.com/nfephp-org/sped-common",
            "keywords": [
                "nfe",
                "nfephp",
                "sped"
            ],
            "support": {
                "issues": "https://github.com/nfephp-org/sped-common/issues",
                "source": "https://github.com/nfephp-org/sped-common/tree/v5.0.57"
            },
            "time": "2021-10-03T12:28:51+00:00"
        },
        {
            "name": "nfephp-org/sped-gtin",
            "version": "v1.0.10",
            "source": {
                "type": "git",
                "url": "https://github.com/nfephp-org/sped-gtin.git",
                "reference": "46c8a7a1508621c6adba6b4866cd34c0664df8cc"
            },
            "dist": {
                "type": "zip",
                "url": "https://api.github.com/repos/nfephp-org/sped-gtin/zipball/46c8a7a1508621c6adba6b4866cd34c0664df8cc",
                "reference": "46c8a7a1508621c6adba6b4866cd34c0664df8cc",
                "shasum": ""
            },
            "require": {
                "php": ">= 7.0"
            },
            "require-dev": {
                "phpcompatibility/php-compatibility": "^9.3",
                "phpstan/phpstan": "^0.12.99",
                "phpunit/phpunit": "^6",
                "scrutinizer/ocular": "^1.3",
                "squizlabs/php_codesniffer": "dev-master"
            },
            "type": "library",
            "extra": {
                "branch-alias": {
                    "v1.0": "1.0-dev"
                }
            },
            "autoload": {
                "psr-4": {
                    "NFePHP\\Gtin\\": "src/"
                }
            },
            "notification-url": "https://packagist.org/downloads/",
            "license": [
                "LGPL-3.0-or-later",
                "GPL-3.0-or-later",
                "MIT"
            ],
            "authors": [
                {
                    "name": "Roberto L. Machado",
                    "email": "linux.rlm@gmail.com.br",
                    "homepage": "https://github.com/nfephp-org",
                    "role": "Developer"
                },
                {
                    "name": "Comunidade NFePHP",
                    "homepage": "https://github.com/nfephp-org/sped-gtin/graphs/contributors"
                }
            ],
            "description": "Classes for validation of GTIN codes.",
            "homepage": "https://github.com/nfephp-org/sped-gtin",
            "keywords": [
                "gtin",
                "nfce",
                "nfe",
                "nfephp",
                "sped"
            ],
            "support": {
                "issues": "https://github.com/nfephp-org/sped-gtin/issues",
                "source": "https://github.com/nfephp-org/sped-gtin/tree/v1.0.10"
            },
            "time": "2021-12-26T12:41:24+00:00"
        },
        {
            "name": "nfephp-org/sped-nfe",
            "version": "v5.0.126",
            "source": {
                "type": "git",
                "url": "https://github.com/nfephp-org/sped-nfe.git",
                "reference": "d42a07f830a45a6e83005e380f5f228e1b951128"
            },
            "dist": {
                "type": "zip",
                "url": "https://api.github.com/repos/nfephp-org/sped-nfe/zipball/d42a07f830a45a6e83005e380f5f228e1b951128",
                "reference": "d42a07f830a45a6e83005e380f5f228e1b951128",
                "shasum": ""
            },
            "require": {
                "ext-dom": "*",
                "ext-json": "*",
                "ext-libxml": "*",
                "ext-openssl": "*",
                "ext-simplexml": "*",
                "ext-soap": "*",
                "ext-zlib": "*",
                "justinrainbow/json-schema": "^5.2",
                "nfephp-org/sped-common": "^5.0",
                "nfephp-org/sped-gtin": "^1.0",
                "php": ">= 7.0"
            },
            "require-dev": {
                "phpcompatibility/php-compatibility": "^9.3",
                "phpstan/phpstan": "^0.12.99",
                "phpunit/phpunit": "^6",
                "scrutinizer/ocular": "^1.3",
                "squizlabs/php_codesniffer": "*"
            },
            "type": "library",
            "extra": {
                "branch-alias": {
                    "v5.0": "5.0-dev"
                }
            },
            "autoload": {
                "psr-4": {
                    "NFePHP\\NFe\\": "src/"
                }
            },
            "notification-url": "https://packagist.org/downloads/",
            "license": [
                "LGPL-3.0-or-later",
                "GPL-3.0-or-later",
                "MIT"
            ],
            "authors": [
                {
                    "name": "Roberto L. Machado",
                    "email": "linux.rlm@gmail.com.br",
                    "homepage": "https://www.nfephp.com.br/",
                    "role": "Developer"
                },
                {
                    "name": "Comunidade NFePHP",
                    "homepage": "https://github.com/nfephp-org/sped-nfe/graphs/contributors"
                }
            ],
            "description": "API para geração e comunicação da NFe e NFCe com as SEFAZ autorizadoras.",
            "homepage": "https://github.com/nfephp-org/sped-nfe",
            "keywords": [
                "nfce",
                "nfe",
                "nfephp",
                "sped"
            ],
            "support": {
                "issues": "https://github.com/nfephp-org/sped-nfe/issues",
                "source": "https://github.com/nfephp-org/sped-nfe/tree/v5.0.126"
            },
            "time": "2021-10-21T12:24:09+00:00"
        },
        {
            "name": "psr/log",
            "version": "1.1.4",
            "source": {
                "type": "git",
                "url": "https://github.com/php-fig/log.git",
                "reference": "d49695b909c3b7628b6289db5479a1c204601f11"
            },
            "dist": {
                "type": "zip",
                "url": "https://api.github.com/repos/php-fig/log/zipball/d49695b909c3b7628b6289db5479a1c204601f11",
                "reference": "d49695b909c3b7628b6289db5479a1c204601f11",
                "shasum": ""
            },
            "require": {
                "php": ">=5.3.0"
            },
            "type": "library",
            "extra": {
                "branch-alias": {
                    "dev-master": "1.1.x-dev"
                }
            },
            "autoload": {
                "psr-4": {
                    "Psr\\Log\\": "Psr/Log/"
                }
            },
            "notification-url": "https://packagist.org/downloads/",
            "license": [
                "MIT"
            ],
            "authors": [
                {
                    "name": "PHP-FIG",
                    "homepage": "https://www.php-fig.org/"
                }
            ],
            "description": "Common interface for logging libraries",
            "homepage": "https://github.com/php-fig/log",
            "keywords": [
                "log",
                "psr",
                "psr-3"
            ],
            "support": {
                "source": "https://github.com/php-fig/log/tree/1.1.4"
            },
            "time": "2021-05-03T11:20:27+00:00"
        }
    ],
    "packages-dev": [],
    "aliases": [],
    "minimum-stability": "stable",
    "stability-flags": [],
    "prefer-stable": false,
    "prefer-lowest": false,
    "platform": [],
    "platform-dev": [],
    "plugin-api-version": "2.1.0"
}
